
Microsoft Visual Studio Solution File, Format Version 12.00
Project("{2150E333-8FDC-42A3-9474-1A3956D46DE8}") = ".root", ".root", "{4010CF26-F752-4B1A-9FF0-E0DD5E3E27DB}"
	ProjectSection(SolutionItems) = preProject
		LICENSE = LICENSE
		README.md = README.md
		.config\dotnet-tools.json = .config\dotnet-tools.json
	EndProjectSection
EndProject
Project("{FAE04EC0-301F-11D3-BF4B-00C04F79EFBC}") = "DOTelL.Api", "src\DOTelL.Api\DOTelL.Api.csproj", "{0F078E62-7988-40CC-90D2-1E83FC6CFE77}"
EndProject
Project("{2150E333-8FDC-42A3-9474-1A3956D46DE8}") = "src", "src", "{98D968ED-6473-453E-922F-E50815399A9C}"
EndProject
Project("{2150E333-8FDC-42A3-9474-1A3956D46DE8}") = "test", "test", "{52B838F1-FB5F-421D-A6D1-A802B3E0802A}"
EndProject
Project("{FAE04EC0-301F-11D3-BF4B-00C04F79EFBC}") = "DOTelL.DataAccess", "src\DOTelL.DataAccess\DOTelL.DataAccess.csproj", "{13E521FF-4A69-47CF-9BCB-C0D40145D48E}"
EndProject
Project("{FAE04EC0-301F-11D3-BF4B-00C04F79EFBC}") = "DOTelL.Protos", "src\DOTelL.Protos\DOTelL.Protos.csproj", "{C091285E-84C7-489B-8051-7C91503B1634}"
EndProject
Global
	GlobalSection(SolutionConfigurationPlatforms) = preSolution
		Debug|Any CPU = Debug|Any CPU
		Release|Any CPU = Release|Any CPU
	EndGlobalSection
	GlobalSection(ProjectConfigurationPlatforms) = postSolution
		{0F078E62-7988-40CC-90D2-1E83FC6CFE77}.Debug|Any CPU.ActiveCfg = Debug|Any CPU
		{0F078E62-7988-40CC-90D2-1E83FC6CFE77}.Debug|Any CPU.Build.0 = Debug|Any CPU
		{0F078E62-7988-40CC-90D2-1E83FC6CFE77}.Release|Any CPU.ActiveCfg = Release|Any CPU
		{0F078E62-7988-40CC-90D2-1E83FC6CFE77}.Release|Any CPU.Build.0 = Release|Any CPU
		{13E521FF-4A69-47CF-9BCB-C0D40145D48E}.Debug|Any CPU.ActiveCfg = Debug|Any CPU
		{13E521FF-4A69-47CF-9BCB-C0D40145D48E}.Debug|Any CPU.Build.0 = Debug|Any CPU
		{13E521FF-4A69-47CF-9BCB-C0D40145D48E}.Release|Any CPU.ActiveCfg = Release|Any CPU
		{13E521FF-4A69-47CF-9BCB-C0D40145D48E}.Release|Any CPU.Build.0 = Release|Any CPU
		{C091285E-84C7-489B-8051-7C91503B1634}.Debug|Any CPU.ActiveCfg = Debug|Any CPU
		{C091285E-84C7-489B-8051-7C91503B1634}.Debug|Any CPU.Build.0 = Debug|Any CPU
		{C091285E-84C7-489B-8051-7C91503B1634}.Release|Any CPU.ActiveCfg = Release|Any CPU
		{C091285E-84C7-489B-8051-7C91503B1634}.Release|Any CPU.Build.0 = Release|Any CPU
	EndGlobalSection
	GlobalSection(NestedProjects) = preSolution
		{0F078E62-7988-40CC-90D2-1E83FC6CFE77} = {98D968ED-6473-453E-922F-E50815399A9C}
		{13E521FF-4A69-47CF-9BCB-C0D40145D48E} = {98D968ED-6473-453E-922F-E50815399A9C}
		{C091285E-84C7-489B-8051-7C91503B1634} = {98D968ED-6473-453E-922F-E50815399A9C}
	EndGlobalSection
EndGlobal
